// !$*UTF8*$!
{
	archiveVersion = 1;
	classes = {
	};
	objectVersion = 46;
	objects = {

/* Begin PBXBuildFile section */
		64860C1B1B677E430065AAF3 /* AppDelegate.swift in Sources */ = {isa = PBXBuildFile; fileRef = 64860C1A1B677E430065AAF3 /* AppDelegate.swift */; };
		64860C1E1B677E430065AAF3 /* MyPDFReader.xcdatamodeld in Sources */ = {isa = PBXBuildFile; fileRef = 64860C1C1B677E430065AAF3 /* MyPDFReader.xcdatamodeld */; };
		64860C201B677E430065AAF3 /* ViewController.swift in Sources */ = {isa = PBXBuildFile; fileRef = 64860C1F1B677E430065AAF3 /* ViewController.swift */; };
		64860C231B677E430065AAF3 /* Main.storyboard in Resources */ = {isa = PBXBuildFile; fileRef = 64860C211B677E430065AAF3 /* Main.storyboard */; };
		64860C251B677E430065AAF3 /* Images.xcassets in Resources */ = {isa = PBXBuildFile; fileRef = 64860C241B677E430065AAF3 /* Images.xcassets */; };
		64860C281B677E430065AAF3 /* LaunchScreen.xib in Resources */ = {isa = PBXBuildFile; fileRef = 64860C261B677E430065AAF3 /* LaunchScreen.xib */; };
		64860C341B677E430065AAF3 /* MyPDFReaderTests.swift in Sources */ = {isa = PBXBuildFile; fileRef = 64860C331B677E430065AAF3 /* MyPDFReaderTests.swift */; };
/* End PBXBuildFile section */

/* Begin PBXContainerItemProxy section */
		64860C2E1B677E430065AAF3 /* PBXContainerItemProxy */ = {
			isa = PBXContainerItemProxy;
			containerPortal = 64860C0D1B677E430065AAF3 /* Project object */;
			proxyType = 1;
			remoteGlobalIDString = 64860C141B677E430065AAF3;
			remoteInfo = MyPDFReader;
		};
/* End PBXContainerItemProxy section */

/* Begin PBXFileReference section */
		64860C151B677E430065AAF3 /* MyPDFReader.app */ = {isa = PBXFileReference; explicitFileType = wrapper.application; includeInIndex = 0; path = MyPDFReader.app; sourceTree = BUILT_PRODUCTS_DIR; };
		64860C191B677E430065AAF3 /* Info.plist */ = {isa = PBXFileReference; lastKnownFileType = text.plist.xml; path = Info.plist; sourceTree = "<group>"; };
		64860C1A1B677E430065AAF3 /* AppDelegate.swift */ = {isa = PBXFileReference; lastKnownFileType = sourcecode.swift; path = AppDelegate.swift; sourceTree = "<group>"; };
		64860C1D1B677E430065AAF3 /* MyPDFReader.xcdatamodel */ = {isa = PBXFileReference; lastKnownFileType = wrapper.xcdatamodel; path = MyPDFReader.xcdatamodel; sourceTree = "<group>"; };
		64860C1F1B677E430065AAF3 /* ViewController.swift */ = {isa = PBXFileReference; lastKnownFileType = sourcecode.swift; path = ViewController.swift; sourceTree = "<group>"; };
		64860C221B677E430065AAF3 /* Base */ = {isa = PBXFileReference; lastKnownFileType = file.storyboard; name = Base; path = Base.lproj/Main.storyboard; sourceTree = "<group>"; };
		64860C241B677E430065AAF3 /* Images.xcassets */ = {isa = PBXFileReference; lastKnownFileType = folder.assetcatalog; path = Images.xcassets; sourceTree = "<group>"; };
		64860C271B677E430065AAF3 /* Base */ = {isa = PBXFileReference; lastKnownFileType = file.xib; name = Base; path = Base.lproj/LaunchScreen.xib; sourceTree = "<group>"; };
		64860C2D1B677E430065AAF3 /* MyPDFReaderTests.xctest */ = {isa = PBXFileReference; explicitFileType = wrapper.cfbundle; includeInIndex = 0; path = MyPDFReaderTests.xctest; sourceTree = BUILT_PRODUCTS_DIR; };
		64860C321B677E430065AAF3 /* Info.plist */ = {isa = PBXFileReference; lastKnownFileType = text.plist.xml; path = Info.plist; sourceTree = "<group>"; };
		64860C331B677E430065AAF3 /* MyPDFReaderTests.swift */ = {isa = PBXFileReference; lastKnownFileType = sourcecode.swift; path = MyPDFReaderTests.swift; sourceTree = "<group>"; };
/* End PBXFileReference section */

/* Begin PBXFrameworksBuildPhase section */
		64860C121B677E430065AAF3 /* Frameworks */ = {
			isa = PBXFrameworksBuildPhase;
			buildActionMask = 2147483647;
			files = (
			);
			runOnlyForDeploymentPostprocessing = 0;
		};
		64860C2A1B677E430065AAF3 /* Frameworks */ = {
			isa = PBXFrameworksBuildPhase;
			buildActionMask = 2147483647;
			files = (
			);
			runOnlyForDeploymentPostprocessing = 0;
		};
/* End PBXFrameworksBuildPhase section */

/* Begin PBXGroup section */
		64860C0C1B677E430065AAF3 = {
			isa = PBXGroup;
			children = (
				64860C171B677E430065AAF3 /* MyPDFReader */,
				64860C301B677E430065AAF3 /* MyPDFReaderTests */,
				64860C161B677E430065AAF3 /* Products */,
			);
			sourceTree = "<group>";
		};
		64860C161B677E430065AAF3 /* Products */ = {
			isa = PBXGroup;
			children = (
				64860C151B677E430065AAF3 /* MyPDFReader.app */,
				64860C2D1B677E430065AAF3 /* MyPDFReaderTests.xctest */,
			);
			name = Products;
			sourceTree = "<group>";
		};
		64860C171B677E430065AAF3 /* MyPDFReader */ = {
			isa = PBXGroup;
			children = (
				64860C1A1B677E430065AAF3 /* AppDelegate.swift */,
				64860C1F1B677E430065AAF3 /* ViewController.swift */,
				64860C211B677E430065AAF3 /* Main.storyboard */,
				64860C241B677E430065AAF3 /* Images.xcassets */,
				64860C261B677E430065AAF3 /* LaunchScreen.xib */,
				64860C1C1B677E430065AAF3 /* MyPDFReader.xcdatamodeld */,
				64860C181B677E430065AAF3 /* Supporting Files */,
			);
			path = MyPDFReader;
			sourceTree = "<group>";
		};
		64860C181B677E430065AAF3 /* Supporting Files */ = {
			isa = PBXGroup;
			children = (
				64860C191B677E430065AAF3 /* Info.plist */,
			);
			name = "Supporting Files";
			sourceTree = "<group>";
		};
		64860C301B677E430065AAF3 /* MyPDFReaderTests */ = {
			isa = PBXGroup;
			children = (
				64860C331B677E430065AAF3 /* MyPDFReaderTests.swift */,
				64860C311B677E430065AAF3 /* Supporting Files */,
			);
			path = MyPDFReaderTests;
			sourceTree = "<group>";
		};
		64860C311B677E430065AAF3 /* Supporting Files */ = {
			isa = PBXGroup;
			children = (
				64860C321B677E430065AAF3 /* Info.plist */,
			);
			name = "Supporting Files";
			sourceTree = "<group>";
		};
/* End PBXGroup section */

/* Begin PBXNativeTarget section */
		64860C141B677E430065AAF3 /* MyPDFReader */ = {
			isa = PBXNativeTarget;
			buildConfigurationList = 64860C371B677E430065AAF3 /* Build configuration list for PBXNativeTarget "MyPDFReader" */;
			buildPhases = (
				64860C111B677E430065AAF3 /* Sources */,
				64860C121B677E430065AAF3 /* Frameworks */,
				64860C131B677E430065AAF3 /* Resources */,
			);
			buildRules = (
			);
			dependencies = (
			);
			name = MyPDFReader;
			productName = MyPDFReader;
			productReference = 64860C151B677E430065AAF3 /* MyPDFReader.app */;
			productType = "com.apple.product-type.application";
		};
		64860C2C1B677E430065AAF3 /* MyPDFReaderTests */ = {
			isa = PBXNativeTarget;
			buildConfigurationList = 64860C3A1B677E430065AAF3 /* Build configuration list for PBXNativeTarget "MyPDFReaderTests" */;
			buildPhases = (
				64860C291B677E430065AAF3 /* Sources */,
				64860C2A1B677E430065AAF3 /* Frameworks */,
				64860C2B1B677E430065AAF3 /* Resources */,
			);
			buildRules = (
			);
			dependencies = (
				64860C2F1B677E430065AAF3 /* PBXTargetDependency */,
			);
			name = MyPDFReaderTests;
			productName = MyPDFReaderTests;
			productReference = 64860C2D1B677E430065AAF3 /* MyPDFReaderTests.xctest */;
			productType = "com.apple.product-type.bundle.unit-test";
		};
/* End PBXNativeTarget section */

/* Begin PBXProject section */
		64860C0D1B677E430065AAF3 /* Project object */ = {
			isa = PBXProject;
			attributes = {
				LastUpgradeCheck = 0640;
				ORGANIZATIONNAME = PeterLiu;
				TargetAttributes = {
					64860C141B677E430065AAF3 = {
						CreatedOnToolsVersion = 6.4;
					};
					64860C2C1B677E430065AAF3 = {
						CreatedOnToolsVersion = 6.4;
						TestTargetID = 64860C141B677E430065AAF3;
					};
				};
			};
			buildConfigurationList = 64860C101B677E430065AAF3 /* Build configuration list for PBXProject "MyPDFReader" */;
			compatibilityVersion = "Xcode 3.2";
			developmentRegion = English;
			hasScannedForEncodings = 0;
			knownRegions = (
				en,
				Base,
			);
			mainGroup = 64860C0C1B677E430065AAF3;
			productRefGroup = 64860C161B677E430065AAF3 /* Products */;
			projectDirPath = "";
			projectRoot = "";
			targets = (
				64860C141B677E430065AAF3 /* MyPDFReader */,
				64860C2C1B677E430065AAF3 /* MyPDFReaderTests */,
			);
		};
/* End PBXProject section */

/* Begin PBXResourcesBuildPhase section */
		64860C131B677E430065AAF3 /* Resources */ = {
			isa = PBXResourcesBuildPhase;
			buildActionMask = 2147483647;
			files = (
				64860C231B677E430065AAF3 /* Main.storyboard in Resources */,
				64860C281B677E430065AAF3 /* LaunchScreen.xib in Resources */,
				64860C251B677E430065AAF3 /* Images.xcassets in Resources */,
			);
			runOnlyForDeploymentPostprocessing = 0;
		};
		64860C2B1B677E430065AAF3 /* Resources */ = {
			isa = PBXResourcesBuildPhase;
			buildActionMask = 2147483647;
			files = (
			);
			runOnlyForDeploymentPostprocessing = 0;
		};
/* End PBXResourcesBuildPhase section */

/* Begin PBXSourcesBuildPhase section */
		64860C111B677E430065AAF3 /* Sources */ = {
			isa = PBXSourcesBuildPhase;
			buildActionMask = 2147483647;
			files = (
				64860C201B677E430065AAF3 /* ViewController.swift in Sources */,
				64860C1B1B677E430065AAF3 /* AppDelegate.swift in Sources */,
				64860C1E1B677E430065AAF3 /* MyPDFReader.xcdatamodeld in Sources */,
			);
			runOnlyForDeploymentPostprocessing = 0;
		};
		64860C291B677E430065AAF3 /* Sources */ = {
			isa = PBXSourcesBuildPhase;
			buildActionMask = 2147483647;
			files = (
				64860C341B677E430065AAF3 /* MyPDFReaderTests.swift in Sources */,
			);
			runOnlyForDeploymentPostprocessing = 0;
		};
/* End PBXSourcesBuildPhase section */

/* Begin PBXTargetDependency section */
		64860C2F1B677E430065AAF3 /* PBXTargetDependency */ = {
			isa = PBXTargetDependency;
			target = 64860C141B677E430065AAF3 /* MyPDFReader */;
			targetProxy = 64860C2E1B677E430065AAF3 /* PBXContainerItemProxy */;
		};
/* End PBXTargetDependency section */

/* Begin PBXVariantGroup section */
		64860C211B677E430065AAF3 /* Main.storyboard */ = {
			isa = PBXVariantGroup;
			children = (
				64860C221B677E430065AAF3 /* Base */,
			);
			name = Main.storyboard;
			sourceTree = "<group>";
		};
		64860C261B677E430065AAF3 /* LaunchScreen.xib */ = {
			isa = PBXVariantGroup;
			children = (
				64860C271B677E430065AAF3 /* Base */,
			);
			name = LaunchScreen.xib;
			sourceTree = "<group>";
		};
/* End PBXVariantGroup section */

/* Begin XCBuildConfiguration section */
		64860C351B677E430065AAF3 /* Debug */ = {
			isa = XCBuildConfiguration;
			buildSettings = {
				ALWAYS_SEARCH_USER_PATHS = NO;
				CLANG_CXX_LANGUAGE_STANDARD = "gnu++0x";
				CLANG_CXX_LIBRARY = "libc++";
				CLANG_ENABLE_MODULES = YES;
				CLANG_ENABLE_OBJC_ARC = YES;
				CLANG_WARN_BOOL_CONVERSION = YES;
				CLANG_WARN_CONSTANT_CONVERSION = YES;
				CLANG_WARN_DIRECT_OBJC_ISA_USAGE = YES_ERROR;
				CLANG_WARN_EMPTY_BODY = YES;
				CLANG_WARN_ENUM_CONVERSION = YES;
				CLANG_WARN_INT_CONVERSION = YES;
				CLANG_WARN_OBJC_ROOT_CLASS = YES_ERROR;
				CLANG_WARN_UNREACHABLE_CODE = YES;
				CLANG_WARN__DUPLICATE_METHOD_MATCH = YES;
				"CODE_SIGN_IDENTITY[sdk=iphoneos*]" = "iPhone Developer";
				COPY_PHASE_STRIP = NO;
				DEBUG_INFORMATION_FORMAT = "dwarf-with-dsym";
				ENABLE_STRICT_OBJC_MSGSEND = YES;
				GCC_C_LANGUAGE_STANDARD = gnu99;
				GCC_DYNAMIC_NO_PIC = NO;
				GCC_NO_COMMON_BLOCKS = YES;
				GCC_OPTIMIZATION_LEVEL = 0;
				GCC_PREPROCESSOR_DEFINITIONS = (
					"DEBUG=1",
					"$(inherited)",
				);
				GCC_SYMBOLS_PRIVATE_EXTERN = NO;
				GCC_WARN_64_TO_32_BIT_CONVERSION = YES;
				GCC_WARN_ABOUT_RETURN_TYPE = YES_ERROR;
				GCC_WARN_UNDECLARED_SELECTOR = YES;
				GCC_WARN_UNINITIALIZED_AUTOS = YES_AGGRESSIVE;
				GCC_WARN_UNUSED_FUNCTION = YES;
				GCC_WARN_UNUSED_VARIABLE = YES;
				IPHONEOS_DEPLOYMENT_TARGET = 8.4;
				MTL_ENABLE_DEBUG_INFO = YES;
				ONLY_ACTIVE_ARCH = YES;
				SDKROOT = iphoneos;
				SWIFT_OPTIMIZATION_LEVEL = "-Onone";
			};
			name = Debug;
		};
		64860C361B677E430065AAF3 /* Release */ = {
			isa = XCBuildConfiguration;
			buildSettings = {
				ALWAYS_SEARCH_USER_PATHS = NO;
				CLANG_CXX_LANGUAGE_STANDARD = "gnu++0x";
				CLANG_CXX_LIBRARY = "libc++";
				CLANG_ENABLE_MODULES = YES;
				CLANG_ENABLE_OBJC_ARC = YES;
				CLANG_WARN_BOOL_CONVERSION = YES;
				CLANG_WARN_CONSTANT_CONVERSION = YES;
				CLANG_WARN_DIRECT_OBJC_ISA_USAGE = YES_ERROR;
				CLANG_WARN_EMPTY_BODY = YES;
				CLANG_WARN_ENUM_CONVERSION = YES;
				CLANG_WARN_INT_CONVERSION = YES;
				CLANG_WARN_OBJC_ROOT_CLASS = YES_ERROR;
				CLANG_WARN_UNREACHABLE_CODE = YES;
				CLANG_WARN__DUPLICATE_METHOD_MATCH = YES;
				"CODE_SIGN_IDENTITY[sdk=iphoneos*]" = "iPhone Developer";
				COPY_PHASE_STRIP = NO;
				DEBUG_INFORMATION_FORMAT = "dwarf-with-dsym";
				ENABLE_NS_ASSERTIONS = NO;
				ENABLE_STRICT_OBJC_MSGSEND = YES;
				GCC_C_LANGUAGE_STANDARD = gnu99;
				GCC_NO_COMMON_BLOCKS = YES;
				GCC_WARN_64_TO_32_BIT_CONVERSION = YES;
				GCC_WARN_ABOUT_RETURN_TYPE = YES_ERROR;
				GCC_WARN_UNDECLARED_SELECTOR = YES;
				GCC_WARN_UNINITIALIZED_AUTOS = YES_AGGRESSIVE;
				GCC_WARN_UNUSED_FUNCTION = YES;
				GCC_WARN_UNUSED_VARIABLE = YES;
				IPHONEOS_DEPLOYMENT_TARGET = 8.4;
				MTL_ENABLE_DEBUG_INFO = NO;
				SDKROOT = iphoneos;
				VALIDATE_PRODUCT = YES;
			};
			name = Release;
		};
		64860C381B677E430065AAF3 /* Debug */ = {
			isa = XCBuildConfiguration;
			buildSettings = {
				ASSETCATALOG_COMPILER_APPICON_NAME = AppIcon;
				INFOPLIST_FILE = MyPDFReader/Info.plist;
				LD_RUNPATH_SEARCH_PATHS = "$(inherited) @executable_path/Frameworks";
				PRODUCT_NAME = "$(TARGET_NAME)";
			};
			name = Debug;
		};
		64860C391B677E430065AAF3 /* Release */ = {
			isa = XCBuildConfiguration;
			buildSettings = {
				ASSETCATALOG_COMPILER_APPICON_NAME = AppIcon;
				INFOPLIST_FILE = MyPDFReader/Info.plist;
				LD_RUNPATH_SEARCH_PATHS = "$(inherited) @executable_path/Frameworks";
				PRODUCT_NAME = "$(TARGET_NAME)";
			};
			name = Release;
		};
		64860C3B1B677E430065AAF3 /* Debug */ = {
			isa = XCBuildConfiguration;
			buildSettings = {
				BUNDLE_LOADER = "$(TEST_HOST)";
				FRAMEWORK_SEARCH_PATHS = (
					"$(SDKROOT)/Developer/Library/Frameworks",
					"$(inherited)",
				);
				GCC_PREPROCESSOR_DEFINITIONS = (
					"DEBUG=1",
					"$(inherited)",
				);
				INFOPLIST_FILE = MyPDFReaderTests/Info.plist;
				LD_RUNPATH_SEARCH_PATHS = "$(inherited) @executable_path/Frameworks @loader_path/Frameworks";
				PRODUCT_NAME = "$(TARGET_NAME)";
				TEST_HOST = "$(BUILT_PRODUCTS_DIR)/MyPDFReader.app/MyPDFReader";
			};
			name = Debug;
		};
		64860C3C1B677E430065AAF3 /* Release */ = {
			isa = XCBuildConfiguration;
			buildSettings = {
				BUNDLE_LOADER = "$(TEST_HOST)";
				FRAMEWORK_SEARCH_PATHS = (
					"$(SDKROOT)/Developer/Library/Frameworks",
					"$(inherited)",
				);
				INFOPLIST_FILE = MyPDFReaderTests/Info.plist;
				LD_RUNPATH_SEARCH_PATHS = "$(inherited) @executable_path/Frameworks @loader_path/Frameworks";
				PRODUCT_NAME = "$(TARGET_NAME)";
				TEST_HOST = "$(BUILT_PRODUCTS_DIR)/MyPDFReader.app/MyPDFReader";
			};
			name = Release;
		};
/* End XCBuildConfiguration section */

/* Begin XCConfigurationList section */
		64860C101B677E430065AAF3 /* Build configuration list for PBXProject "MyPDFReader" */ = {
			isa = XCConfigurationList;
			buildConfigurations = (
				64860C351B677E430065AAF3 /* Debug */,
				64860C361B677E430065AAF3 /* Release */,
			);
			defaultConfigurationIsVisible = 0;
			defaultConfigurationName = Release;
		};
		64860C371B677E430065AAF3 /* Build configuration list for PBXNativeTarget "MyPDFReader" */ = {
			isa = XCConfigurationList;
			buildConfigurations = (
				64860C381B677E430065AAF3 /* Debug */,
				64860C391B677E430065AAF3 /* Release */,
			);
			defaultConfigurationIsVisible = 0;
		};
		64860C3A1B677E430065AAF3 /* Build configuration list for PBXNativeTarget "MyPDFReaderTests" */ = {
			isa = XCConfigurationList;
			buildConfigurations = (
				64860C3B1B677E430065AAF3 /* Debug */,
				64860C3C1B677E430065AAF3 /* Release */,
			);
			defaultConfigurationIsVisible = 0;
		};
/* End XCConfigurationList section */

/* Begin XCVersionGroup section */
		64860C1C1B677E430065AAF3 /* MyPDFReader.xcdatamodeld */ = {
			isa = XCVersionGroup;
			children = (
				64860C1D1B677E430065AAF3 /* MyPDFReader.xcdatamodel */,
			);
			currentVersion = 64860C1D1B677E430065AAF3 /* MyPDFReader.xcdatamodel */;
			path = MyPDFReader.xcdatamodeld;
			sourceTree = "<group>";
			versionGroupType = wrapper.xcdatamodel;
		};
/* End XCVersionGroup section */
	};
	rootObject = 64860C0D1B677E430065AAF3 /* Project object */;
}
